
Microsoft Visual Studio Solution File, Format Version 12.00
# Visual Studio Version 17
VisualStudioVersion = 17.0.32014.148
MinimumVisualStudioVersion = 10.0.40219.1
Project("{8BC9CEB8-8B4A-11D0-8D11-00A0C91BC942}") = "AI Software Face", "AI Software Face\AI Software Face.vcxproj", "{449E6670-6484-42B2-AB74-805D41A95BAC}"
EndProject
Global
	GlobalSection(SolutionConfigurationPlatforms) = preSolution
		Debug|x64 = Debug|x64
		Debug|x86 = Debug|x86
		Release|x64 = Release|x64
		Release|x86 = Release|x86
	EndGlobalSection
	GlobalSection(ProjectConfigurationPlatforms) = postSolution
		{449E6670-6484-42B2-AB74-805D41A95BAC}.Debug|x64.ActiveCfg = Debug|x64
		{449E6670-6484-42B2-AB74-805D41A95BAC}.Debug|x64.Build.0 = Debug|x64
		{449E6670-6484-42B2-AB74-805D41A95BAC}.Debug|x86.ActiveCfg = Debug|Win32
		{449E6670-6484-42B2-AB74-805D41A95BAC}.Debug|x86.Build.0 = Debug|Win32
		{449E6670-6484-42B2-AB74-805D41A95BAC}.Release|x64.ActiveCfg = Release|x64
		{449E6670-6484-42B2-AB74-805D41A95BAC}.Release|x64.Build.0 = Release|x64
		{449E6670-6484-42B2-AB74-805D41A95BAC}.Release|x86.ActiveCfg = Release|Win32
		{449E6670-6484-42B2-AB74-805D41A95BAC}.Release|x86.Build.0 = Release|Win32
	EndGlobalSection
	GlobalSection(SolutionProperties) = preSolution
		HideSolutionNode = FALSE
	EndGlobalSection
	GlobalSection(ExtensibilityGlobals) = postSolution
		SolutionGuid = {084F1373-9D5E-4298-B9BC-5A661AE1874D}
	EndGlobalSection
EndGlobal
